
Microsoft Visual Studio Solution File, Format Version 11.00
# Visual Studio 2010
Project("{FAE04EC0-301F-11D3-BF4B-00C04F79EFBC}") = "helloMono", "helloMono\helloMono.csproj", "{4CAC0A6F-4CF2-4E57-8CD6-7E754C334B80}"
EndProject
Project("{FAE04EC0-301F-11D3-BF4B-00C04F79EFBC}") = "p6", "p6\p6.csproj", "{30D66DC2-65F8-46D9-AF14-3A2E46EB7184}"
EndProject
Project("{FAE04EC0-301F-11D3-BF4B-00C04F79EFBC}") = "p7", "p7\p7.csproj", "{FE29E9F8-100C-4D3C-BDA4-BBBB6319CAE3}"
EndProject
Project("{FAE04EC0-301F-11D3-BF4B-00C04F79EFBC}") = "p8", "p8\p8.csproj", "{1F5CE00F-6291-412F-B3BB-92AE58B7D59C}"
EndProject
Project("{FAE04EC0-301F-11D3-BF4B-00C04F79EFBC}") = "p9", "p9\p9.csproj", "{1B820176-F6AB-48E4-A2FC-DC7E4EAC8ADB}"
EndProject
Project("{FAE04EC0-301F-11D3-BF4B-00C04F79EFBC}") = "p10", "p10\p10.csproj", "{64545A9F-4DF1-47B6-81A2-9992C762C4A7}"
EndProject
Project("{FAE04EC0-301F-11D3-BF4B-00C04F79EFBC}") = "p11", "p11\p11.csproj", "{35F5DA9B-F9A7-4E87-84C4-AF3ED1A5D86E}"
EndProject
Project("{FAE04EC0-301F-11D3-BF4B-00C04F79EFBC}") = "p12", "p12\p12.csproj", "{AF988203-3E93-4294-99DA-F3EDE51B9B91}"
EndProject
Project("{FAE04EC0-301F-11D3-BF4B-00C04F79EFBC}") = "p13", "p13\p13.csproj", "{07B686F5-6633-4BE3-BA6B-2FCA90B71B34}"
EndProject
Project("{FAE04EC0-301F-11D3-BF4B-00C04F79EFBC}") = "p14", "p14\p14.csproj", "{FE16A7C1-6FF2-4122-B5BF-90CC798B3EC6}"
EndProject
Project("{FAE04EC0-301F-11D3-BF4B-00C04F79EFBC}") = "p15", "p15\p15.csproj", "{48E30553-9034-4A6E-B943-903A0D9B3DDF}"
EndProject
Project("{FAE04EC0-301F-11D3-BF4B-00C04F79EFBC}") = "p16", "p16\p16.csproj", "{B825954B-AF8A-4F62-9020-8501C2AEBD97}"
EndProject
Project("{FAE04EC0-301F-11D3-BF4B-00C04F79EFBC}") = "p17", "p17\p17.csproj", "{022B90B5-B419-47D7-AF2F-C35651FB26CF}"
EndProject
Project("{FAE04EC0-301F-11D3-BF4B-00C04F79EFBC}") = "p18", "p18\p18.csproj", "{1430D171-977D-45A5-86CD-644BFE2BEA89}"
EndProject
Project("{FAE04EC0-301F-11D3-BF4B-00C04F79EFBC}") = "p19", "p19\p19.csproj", "{CED43836-E01C-45AF-82F8-EFDE96670905}"
EndProject
Project("{FAE04EC0-301F-11D3-BF4B-00C04F79EFBC}") = "p20", "p20\p20.csproj", "{645587CA-0761-4D7E-B485-6DB7EA952DD6}"
EndProject
Global
	GlobalSection(SolutionConfigurationPlatforms) = preSolution
		Debug|x86 = Debug|x86
		Release|x86 = Release|x86
	EndGlobalSection
	GlobalSection(ProjectConfigurationPlatforms) = postSolution
		{022B90B5-B419-47D7-AF2F-C35651FB26CF}.Debug|x86.ActiveCfg = Debug|x86
		{022B90B5-B419-47D7-AF2F-C35651FB26CF}.Debug|x86.Build.0 = Debug|x86
		{022B90B5-B419-47D7-AF2F-C35651FB26CF}.Release|x86.ActiveCfg = Release|x86
		{022B90B5-B419-47D7-AF2F-C35651FB26CF}.Release|x86.Build.0 = Release|x86
		{07B686F5-6633-4BE3-BA6B-2FCA90B71B34}.Debug|x86.ActiveCfg = Debug|x86
		{07B686F5-6633-4BE3-BA6B-2FCA90B71B34}.Debug|x86.Build.0 = Debug|x86
		{07B686F5-6633-4BE3-BA6B-2FCA90B71B34}.Release|x86.ActiveCfg = Release|x86
		{07B686F5-6633-4BE3-BA6B-2FCA90B71B34}.Release|x86.Build.0 = Release|x86
		{1430D171-977D-45A5-86CD-644BFE2BEA89}.Debug|x86.ActiveCfg = Debug|x86
		{1430D171-977D-45A5-86CD-644BFE2BEA89}.Debug|x86.Build.0 = Debug|x86
		{1430D171-977D-45A5-86CD-644BFE2BEA89}.Release|x86.ActiveCfg = Release|x86
		{1430D171-977D-45A5-86CD-644BFE2BEA89}.Release|x86.Build.0 = Release|x86
		{1B820176-F6AB-48E4-A2FC-DC7E4EAC8ADB}.Debug|x86.ActiveCfg = Debug|x86
		{1B820176-F6AB-48E4-A2FC-DC7E4EAC8ADB}.Debug|x86.Build.0 = Debug|x86
		{1B820176-F6AB-48E4-A2FC-DC7E4EAC8ADB}.Release|x86.ActiveCfg = Release|x86
		{1B820176-F6AB-48E4-A2FC-DC7E4EAC8ADB}.Release|x86.Build.0 = Release|x86
		{1F5CE00F-6291-412F-B3BB-92AE58B7D59C}.Debug|x86.ActiveCfg = Debug|x86
		{1F5CE00F-6291-412F-B3BB-92AE58B7D59C}.Debug|x86.Build.0 = Debug|x86
		{1F5CE00F-6291-412F-B3BB-92AE58B7D59C}.Release|x86.ActiveCfg = Release|x86
		{1F5CE00F-6291-412F-B3BB-92AE58B7D59C}.Release|x86.Build.0 = Release|x86
		{30D66DC2-65F8-46D9-AF14-3A2E46EB7184}.Debug|x86.ActiveCfg = Debug|x86
		{30D66DC2-65F8-46D9-AF14-3A2E46EB7184}.Debug|x86.Build.0 = Debug|x86
		{30D66DC2-65F8-46D9-AF14-3A2E46EB7184}.Release|x86.ActiveCfg = Release|x86
		{30D66DC2-65F8-46D9-AF14-3A2E46EB7184}.Release|x86.Build.0 = Release|x86
		{35F5DA9B-F9A7-4E87-84C4-AF3ED1A5D86E}.Debug|x86.ActiveCfg = Debug|x86
		{35F5DA9B-F9A7-4E87-84C4-AF3ED1A5D86E}.Debug|x86.Build.0 = Debug|x86
		{35F5DA9B-F9A7-4E87-84C4-AF3ED1A5D86E}.Release|x86.ActiveCfg = Release|x86
		{35F5DA9B-F9A7-4E87-84C4-AF3ED1A5D86E}.Release|x86.Build.0 = Release|x86
		{48E30553-9034-4A6E-B943-903A0D9B3DDF}.Debug|x86.ActiveCfg = Debug|x86
		{48E30553-9034-4A6E-B943-903A0D9B3DDF}.Debug|x86.Build.0 = Debug|x86
		{48E30553-9034-4A6E-B943-903A0D9B3DDF}.Release|x86.ActiveCfg = Release|x86
		{48E30553-9034-4A6E-B943-903A0D9B3DDF}.Release|x86.Build.0 = Release|x86
		{4CAC0A6F-4CF2-4E57-8CD6-7E754C334B80}.Debug|x86.ActiveCfg = Debug|x86
		{4CAC0A6F-4CF2-4E57-8CD6-7E754C334B80}.Debug|x86.Build.0 = Debug|x86
		{4CAC0A6F-4CF2-4E57-8CD6-7E754C334B80}.Release|x86.ActiveCfg = Release|x86
		{4CAC0A6F-4CF2-4E57-8CD6-7E754C334B80}.Release|x86.Build.0 = Release|x86
		{64545A9F-4DF1-47B6-81A2-9992C762C4A7}.Debug|x86.ActiveCfg = Debug|x86
		{64545A9F-4DF1-47B6-81A2-9992C762C4A7}.Debug|x86.Build.0 = Debug|x86
		{64545A9F-4DF1-47B6-81A2-9992C762C4A7}.Release|x86.ActiveCfg = Release|x86
		{64545A9F-4DF1-47B6-81A2-9992C762C4A7}.Release|x86.Build.0 = Release|x86
		{645587CA-0761-4D7E-B485-6DB7EA952DD6}.Debug|x86.ActiveCfg = Debug|x86
		{645587CA-0761-4D7E-B485-6DB7EA952DD6}.Debug|x86.Build.0 = Debug|x86
		{645587CA-0761-4D7E-B485-6DB7EA952DD6}.Release|x86.ActiveCfg = Release|x86
		{645587CA-0761-4D7E-B485-6DB7EA952DD6}.Release|x86.Build.0 = Release|x86
		{AF988203-3E93-4294-99DA-F3EDE51B9B91}.Debug|x86.ActiveCfg = Debug|x86
		{AF988203-3E93-4294-99DA-F3EDE51B9B91}.Debug|x86.Build.0 = Debug|x86
		{AF988203-3E93-4294-99DA-F3EDE51B9B91}.Release|x86.ActiveCfg = Release|x86
		{AF988203-3E93-4294-99DA-F3EDE51B9B91}.Release|x86.Build.0 = Release|x86
		{B825954B-AF8A-4F62-9020-8501C2AEBD97}.Debug|x86.ActiveCfg = Debug|x86
		{B825954B-AF8A-4F62-9020-8501C2AEBD97}.Debug|x86.Build.0 = Debug|x86
		{B825954B-AF8A-4F62-9020-8501C2AEBD97}.Release|x86.ActiveCfg = Release|x86
		{B825954B-AF8A-4F62-9020-8501C2AEBD97}.Release|x86.Build.0 = Release|x86
		{CED43836-E01C-45AF-82F8-EFDE96670905}.Debug|x86.ActiveCfg = Debug|x86
		{CED43836-E01C-45AF-82F8-EFDE96670905}.Debug|x86.Build.0 = Debug|x86
		{CED43836-E01C-45AF-82F8-EFDE96670905}.Release|x86.ActiveCfg = Release|x86
		{CED43836-E01C-45AF-82F8-EFDE96670905}.Release|x86.Build.0 = Release|x86
		{FE16A7C1-6FF2-4122-B5BF-90CC798B3EC6}.Debug|x86.ActiveCfg = Debug|x86
		{FE16A7C1-6FF2-4122-B5BF-90CC798B3EC6}.Debug|x86.Build.0 = Debug|x86
		{FE16A7C1-6FF2-4122-B5BF-90CC798B3EC6}.Release|x86.ActiveCfg = Release|x86
		{FE16A7C1-6FF2-4122-B5BF-90CC798B3EC6}.Release|x86.Build.0 = Release|x86
		{FE29E9F8-100C-4D3C-BDA4-BBBB6319CAE3}.Debug|x86.ActiveCfg = Debug|x86
		{FE29E9F8-100C-4D3C-BDA4-BBBB6319CAE3}.Debug|x86.Build.0 = Debug|x86
		{FE29E9F8-100C-4D3C-BDA4-BBBB6319CAE3}.Release|x86.ActiveCfg = Release|x86
		{FE29E9F8-100C-4D3C-BDA4-BBBB6319CAE3}.Release|x86.Build.0 = Release|x86
	EndGlobalSection
	GlobalSection(MonoDevelopProperties) = preSolution
		StartupItem = p20\p20.csproj
	EndGlobalSection
EndGlobal
